
Microsoft Visual Studio Solution File, Format Version 12.00
# Visual Studio Version 17
VisualStudioVersion = 17.8.34309.116
MinimumVisualStudioVersion = 10.0.40219.1
Project("{FAE04EC0-301F-11D3-BF4B-00C04F79EFBC}") = "P01NoweOkna", "P01NoweOkna\P01NoweOkna.csproj", "{1A422512-5EA8-437C-8879-D7B3B7E1C602}"
EndProject
Project("{FAE04EC0-301F-11D3-BF4B-00C04F79EFBC}") = "P02ZawodnicyNoweOkna", "P02ZawodnicyNoweOkna\P02ZawodnicyNoweOkna.csproj", "{FDD8D557-1054-4959-8262-91278E781B1D}"
EndProject
Project("{FAE04EC0-301F-11D3-BF4B-00C04F79EFBC}") = "P03ZawodnicyCRUD", "P03ZawodnicyCRUD\P03ZawodnicyCRUD.csproj", "{99CB0BF6-59EA-4D2F-9DE7-FB9020B85FDD}"
EndProject
Project("{FAE04EC0-301F-11D3-BF4B-00C04F79EFBC}") = "W01KonwertowanieARZutowanie", "W01KonwertowanieARZutowanie\W01KonwertowanieARZutowanie.csproj", "{7B8AD4F3-8069-40BA-8366-A19F12E13318}"
EndProject
Global
	GlobalSection(SolutionConfigurationPlatforms) = preSolution
		Debug|Any CPU = Debug|Any CPU
		Release|Any CPU = Release|Any CPU
	EndGlobalSection
	GlobalSection(ProjectConfigurationPlatforms) = postSolution
		{1A422512-5EA8-437C-8879-D7B3B7E1C602}.Debug|Any CPU.ActiveCfg = Debug|Any CPU
		{1A422512-5EA8-437C-8879-D7B3B7E1C602}.Debug|Any CPU.Build.0 = Debug|Any CPU
		{1A422512-5EA8-437C-8879-D7B3B7E1C602}.Release|Any CPU.ActiveCfg = Release|Any CPU
		{1A422512-5EA8-437C-8879-D7B3B7E1C602}.Release|Any CPU.Build.0 = Release|Any CPU
		{FDD8D557-1054-4959-8262-91278E781B1D}.Debug|Any CPU.ActiveCfg = Debug|Any CPU
		{FDD8D557-1054-4959-8262-91278E781B1D}.Debug|Any CPU.Build.0 = Debug|Any CPU
		{FDD8D557-1054-4959-8262-91278E781B1D}.Release|Any CPU.ActiveCfg = Release|Any CPU
		{FDD8D557-1054-4959-8262-91278E781B1D}.Release|Any CPU.Build.0 = Release|Any CPU
		{99CB0BF6-59EA-4D2F-9DE7-FB9020B85FDD}.Debug|Any CPU.ActiveCfg = Debug|Any CPU
		{99CB0BF6-59EA-4D2F-9DE7-FB9020B85FDD}.Debug|Any CPU.Build.0 = Debug|Any CPU
		{99CB0BF6-59EA-4D2F-9DE7-FB9020B85FDD}.Release|Any CPU.ActiveCfg = Release|Any CPU
		{99CB0BF6-59EA-4D2F-9DE7-FB9020B85FDD}.Release|Any CPU.Build.0 = Release|Any CPU
		{7B8AD4F3-8069-40BA-8366-A19F12E13318}.Debug|Any CPU.ActiveCfg = Debug|Any CPU
		{7B8AD4F3-8069-40BA-8366-A19F12E13318}.Debug|Any CPU.Build.0 = Debug|Any CPU
		{7B8AD4F3-8069-40BA-8366-A19F12E13318}.Release|Any CPU.ActiveCfg = Release|Any CPU
		{7B8AD4F3-8069-40BA-8366-A19F12E13318}.Release|Any CPU.Build.0 = Release|Any CPU
	EndGlobalSection
	GlobalSection(SolutionProperties) = preSolution
		HideSolutionNode = FALSE
	EndGlobalSection
	GlobalSection(ExtensibilityGlobals) = postSolution
		SolutionGuid = {48550B38-0A81-4270-B963-17E8680A7218}
	EndGlobalSection
EndGlobal
